
Microsoft Visual Studio Solution File, Format Version 12.00
# Visual Studio Version 17
VisualStudioVersion = 17.0.31611.283
MinimumVisualStudioVersion = 10.0.40219.1
Project("{9A19103F-16F7-4668-BE54-9A1E7A4F7556}") = "153504_Pryhozhy.UI", "153504_Pryhozhy.UI\153504_Pryhozhy.UI.csproj", "{C0E2BBC0-CFC9-4D74-80DD-286CFF651DF1}"
EndProject
Project("{FAE04EC0-301F-11D3-BF4B-00C04F79EFBC}") = "153504_Pryhozhy.Domain", "153504_Pryhozhy.Domain\153504_Pryhozhy.Domain.csproj", "{33B41933-FADE-49BF-8B40-F555EC84C90C}"
EndProject
Project("{FAE04EC0-301F-11D3-BF4B-00C04F79EFBC}") = "153504_Pryhozhy.Application", "Application\153504_Pryhozhy.Application.csproj", "{4868A8D4-549E-4BC4-AB8E-4065B669460E}"
EndProject
Project("{FAE04EC0-301F-11D3-BF4B-00C04F79EFBC}") = "153504_Pryhozhy.Persistense", "153504_Pryhozhy.Persistense\153504_Pryhozhy.Persistense.csproj", "{CE870287-0D33-4B83-9013-5288EBEC5BC8}"
EndProject
Global
	GlobalSection(SolutionConfigurationPlatforms) = preSolution
		Debug|Any CPU = Debug|Any CPU
		Release|Any CPU = Release|Any CPU
	EndGlobalSection
	GlobalSection(ProjectConfigurationPlatforms) = postSolution
		{C0E2BBC0-CFC9-4D74-80DD-286CFF651DF1}.Debug|Any CPU.ActiveCfg = Debug|Any CPU
		{C0E2BBC0-CFC9-4D74-80DD-286CFF651DF1}.Debug|Any CPU.Build.0 = Debug|Any CPU
		{C0E2BBC0-CFC9-4D74-80DD-286CFF651DF1}.Debug|Any CPU.Deploy.0 = Debug|Any CPU
		{C0E2BBC0-CFC9-4D74-80DD-286CFF651DF1}.Release|Any CPU.ActiveCfg = Release|Any CPU
		{C0E2BBC0-CFC9-4D74-80DD-286CFF651DF1}.Release|Any CPU.Build.0 = Release|Any CPU
		{C0E2BBC0-CFC9-4D74-80DD-286CFF651DF1}.Release|Any CPU.Deploy.0 = Release|Any CPU
		{33B41933-FADE-49BF-8B40-F555EC84C90C}.Debug|Any CPU.ActiveCfg = Debug|Any CPU
		{33B41933-FADE-49BF-8B40-F555EC84C90C}.Debug|Any CPU.Build.0 = Debug|Any CPU
		{33B41933-FADE-49BF-8B40-F555EC84C90C}.Release|Any CPU.ActiveCfg = Release|Any CPU
		{33B41933-FADE-49BF-8B40-F555EC84C90C}.Release|Any CPU.Build.0 = Release|Any CPU
		{4868A8D4-549E-4BC4-AB8E-4065B669460E}.Debug|Any CPU.ActiveCfg = Debug|Any CPU
		{4868A8D4-549E-4BC4-AB8E-4065B669460E}.Debug|Any CPU.Build.0 = Debug|Any CPU
		{4868A8D4-549E-4BC4-AB8E-4065B669460E}.Release|Any CPU.ActiveCfg = Release|Any CPU
		{4868A8D4-549E-4BC4-AB8E-4065B669460E}.Release|Any CPU.Build.0 = Release|Any CPU
		{CE870287-0D33-4B83-9013-5288EBEC5BC8}.Debug|Any CPU.ActiveCfg = Debug|Any CPU
		{CE870287-0D33-4B83-9013-5288EBEC5BC8}.Debug|Any CPU.Build.0 = Debug|Any CPU
		{CE870287-0D33-4B83-9013-5288EBEC5BC8}.Release|Any CPU.ActiveCfg = Release|Any CPU
		{CE870287-0D33-4B83-9013-5288EBEC5BC8}.Release|Any CPU.Build.0 = Release|Any CPU
	EndGlobalSection
	GlobalSection(SolutionProperties) = preSolution
		HideSolutionNode = FALSE
	EndGlobalSection
	GlobalSection(ExtensibilityGlobals) = postSolution
		SolutionGuid = {61F7FB11-1E47-470C-91E2-47F8143E1572}
	EndGlobalSection
EndGlobal
